
Microsoft Visual Studio Solution File, Format Version 12.00
# Visual Studio Version 17
VisualStudioVersion = 17.9.34714.143
MinimumVisualStudioVersion = 10.0.40219.1
Project("{FAE04EC0-301F-11D3-BF4B-00C04F79EFBC}") = "SE_Project", "SE_Project.csproj", "{875114B4-4E24-4236-B669-3457E57053D2}"
EndProject
Global
	GlobalSection(SolutionConfigurationPlatforms) = preSolution
		Debug|Any CPU = Debug|Any CPU
		Release|Any CPU = Release|Any CPU
	EndGlobalSection
	GlobalSection(ProjectConfigurationPlatforms) = postSolution
		{875114B4-4E24-4236-B669-3457E57053D2}.Debug|Any CPU.ActiveCfg = Debug|Any CPU
		{875114B4-4E24-4236-B669-3457E57053D2}.Debug|Any CPU.Build.0 = Debug|Any CPU
		{875114B4-4E24-4236-B669-3457E57053D2}.Release|Any CPU.ActiveCfg = Release|Any CPU
		{875114B4-4E24-4236-B669-3457E57053D2}.Release|Any CPU.Build.0 = Release|Any CPU
	EndGlobalSection
	GlobalSection(SolutionProperties) = preSolution
		HideSolutionNode = FALSE
	EndGlobalSection
	GlobalSection(ExtensibilityGlobals) = postSolution
		SolutionGuid = {E554E77F-5D17-4D19-B011-EDD1FE062DD1}
	EndGlobalSection
EndGlobal
